{
  "name": "test-pkg",
  "version": "1.0.0",
  "lockfileVersion": 3,
  "requires": true,
  "packages": {
    "": {
      "name": "test-pkg",
      "version": "1.0.0",
      "dependencies": {
        "@riadh-adrani/obj-utils": "file:.."
      }
    },
    "..": {
      "name": "@riadh-adrani/obj-utils",
      "version": "1.0.5",
      "license": "MIT",
      "devDependencies": {
        "@types/node": "^22.13.4",
        "@typescript-eslint/eslint-plugin": "^8.24.1",
        "@typescript-eslint/parser": "^8.24.1",
        "eslint": "^9.20.1",
        "prettier": "^3.5.1",
        "typescript": "^5.7.3",
        "vite": "^6.1.1",
        "vitest": "^3.0.6"
      },
      "engines": {
        "node": ">=16.0.0"
      }
    },
    "node_modules/@riadh-adrani/obj-utils": {
      "resolved": "..",
      "link": true
    }
  }
}
